
Microsoft Visual Studio Solution File, Format Version 12.00
# Visual Studio Version 17
VisualStudioVersion = 17.0.31903.59
MinimumVisualStudioVersion = 10.0.40219.1
Project("{FAE04EC0-301F-11D3-BF4B-00C04F79EFBC}") = "Moderation Logs", "Moderation Logs\Moderation Logs.csproj", "{872E2BC8-E595-45A0-924F-D155CC635E9E}"
EndProject
Global
	GlobalSection(SolutionConfigurationPlatforms) = preSolution
		Debug|Any CPU = Debug|Any CPU
		Release|Any CPU = Release|Any CPU
	EndGlobalSection
	GlobalSection(ProjectConfigurationPlatforms) = postSolution
		{872E2BC8-E595-45A0-924F-D155CC635E9E}.Debug|Any CPU.ActiveCfg = Debug|Any CPU
		{872E2BC8-E595-45A0-924F-D155CC635E9E}.Debug|Any CPU.Build.0 = Debug|Any CPU
		{872E2BC8-E595-45A0-924F-D155CC635E9E}.Release|Any CPU.ActiveCfg = Release|Any CPU
		{872E2BC8-E595-45A0-924F-D155CC635E9E}.Release|Any CPU.Build.0 = Release|Any CPU
	EndGlobalSection
	GlobalSection(SolutionProperties) = preSolution
		HideSolutionNode = FALSE
	EndGlobalSection
	GlobalSection(ExtensibilityGlobals) = postSolution
		SolutionGuid = {F2B3B6B3-12D6-4E07-B558-9457022BEE84}
	EndGlobalSection
EndGlobal
